summary: flock(1) locks files
webpage: https://github.com/discoteq/flock
version: 0.4.0 
bin-url: https://github.com/leleliu008/uppm-package-repository-freebsd-13.4-amd64/releases/download/2025.07.22/flock-0.4.0-freebsd-13.4-amd64.release.tar.xz 
bin-sha: def24747250261a45f00bc71f863f0b2f79372b5ba3c582021901758c66f8689
